# This file is automatically @generated by Poetry 2.0.1 and should not be changed by hand.

[[package]]
name = "anyio"
version = "4.8.0"
description = "High level compatibility layer for multiple asynchronous event loop implementations"
optional = false
python-versions = ">=3.9"
groups = ["main"]
files = [
    {file = "anyio-4.8.0-py3-none-any.whl", hash = "sha256:b5011f270ab5eb0abf13385f851315585cc37ef330dd88e27ec3d34d651fd47a"},
    {file = "anyio-4.8.0.tar.gz", hash = "sha256:1d9fe889df5212298c0c0723fa20479d1b94883a2df44bd3897aa91083316f7a"},
]

[package.dependencies]
idna = ">=2.8"
sniffio = ">=1.1"
typing_extensions = {version = ">=4.5", markers = "python_version < \"3.13\""}

[package.extras]
doc = ["Sphinx (>=7.4,<8.0)", "packaging", "sphinx-autodoc-typehints (>=1.2.0)", "sphinx_rtd_theme"]
test = ["anyio[trio]", "coverage[toml] (>=7)", "exceptiongroup (>=1.2.0)", "hypothesis (>=4.0)", "psutil (>=5.9)", "pytest (>=7.0)", "trustme", "truststore (>=0.9.1)", "uvloop (>=0.21)"]
trio = ["trio (>=0.26.1)"]

[[package]]
name = "certifi"
version = "2024.12.14"
description = "Python package for providing Mozilla's CA Bundle."
optional = false
python-versions = ">=3.6"
groups = ["main"]
files = [
    {file = "certifi-2024.12.14-py3-none-any.whl", hash = "sha256:1275f7a45be9464efc1173084eaa30f866fe2e47d389406136d332ed4967ec56"},
    {file = "certifi-2024.12.14.tar.gz", hash = "sha256:b650d30f370c2b724812bee08008be0c4163b163ddaec3f2546c1caf65f191db"},
]

[[package]]
name = "colorama"
version = "0.4.6"
description = "Cross-platform colored terminal text."
optional = false
python-versions = "!=3.0.*,!=3.1.*,!=3.2.*,!=3.3.*,!=3.4.*,!=3.5.*,!=3.6.*,>=2.7"
groups = ["dev"]
markers = "sys_platform == \"win32\""
files = [
    {file = "colorama-0.4.6-py2.py3-none-any.whl", hash = "sha256:4f1d9991f5acc0ca119f9d443620b77f9d6b33703e51011c16baf57afb285fc6"},
    {file = "colorama-0.4.6.tar.gz", hash = "sha256:08695f5cb7ed6e0531a20572697297273c47b8cae5a63ffc6d6ed5c201be6e44"},
]

[[package]]
name = "coverage"
version = "7.6.10"
description = "Code coverage measurement for Python"
optional = false
python-versions = ">=3.9"
groups = ["dev"]
files = [
    {file = "coverage-7.6.10-cp310-cp310-macosx_10_9_x86_64.whl", hash = "sha256:5c912978f7fbf47ef99cec50c4401340436d200d41d714c7a4766f377c5b7b78"},
    {file = "coverage-7.6.10-cp310-cp310-macosx_11_0_arm64.whl", hash = "sha256:a01ec4af7dfeb96ff0078ad9a48810bb0cc8abcb0115180c6013a6b26237626c"},
    {file = "coverage-7.6.10-cp310-cp310-manylinux_2_17_aarch64.manylinux2014_aarch64.whl", hash = "sha256:a3b204c11e2b2d883946fe1d97f89403aa1811df28ce0447439178cc7463448a"},
    {file = "coverage-7.6.10-cp310-cp310-manylinux_2_5_i686.manylinux1_i686.manylinux_2_17_i686.manylinux2014_i686.whl", hash = "sha256:32ee6d8491fcfc82652a37109f69dee9a830e9379166cb73c16d8dc5c2915165"},
    {file = "coverage-7.6.10-cp310-cp310-manylinux_2_5_x86_64.manylinux1_x86_64.manylinux_2_17_x86_64.manylinux2014_x86_64.whl", hash = "sha256:675cefc4c06e3b4c876b85bfb7c59c5e2218167bbd4da5075cbe3b5790a28988"},
    {file = "coverage-7.6.10-cp310-cp310-musllinux_1_2_aarch64.whl", hash = "sha256:f4f620668dbc6f5e909a0946a877310fb3d57aea8198bde792aae369ee1c23b5"},
    {file = "coverage-7.6.10-cp310-cp310-musllinux_1_2_i686.whl", hash = "sha256:4eea95ef275de7abaef630c9b2c002ffbc01918b726a39f5a4353916ec72d2f3"},
    {file = "coverage-7.6.10-cp310-cp310-musllinux_1_2_x86_64.whl", hash = "sha256:e2f0280519e42b0a17550072861e0bc8a80a0870de260f9796157d3fca2733c5"},
    {file = "coverage-7.6.10-cp310-cp310-win32.whl", hash = "sha256:bc67deb76bc3717f22e765ab3e07ee9c7a5e26b9019ca19a3b063d9f4b874244"},
    {file = "coverage-7.6.10-cp310-cp310-win_amd64.whl", hash = "sha256:0f460286cb94036455e703c66988851d970fdfd8acc2a1122ab7f4f904e4029e"},
    {file = "coverage-7.6.10-cp311-cp311-macosx_10_9_x86_64.whl", hash = "sha256:ea3c8f04b3e4af80e17bab607c386a830ffc2fb88a5484e1df756478cf70d1d3"},
    {file = "coverage-7.6.10-cp311-cp311-macosx_11_0_arm64.whl", hash = "sha256:507a20fc863cae1d5720797761b42d2d87a04b3e5aeb682ef3b7332e90598f43"},
    {file = "coverage-7.6.10-cp311-cp311-manylinux_2_17_aarch64.manylinux2014_aarch64.whl", hash = "sha256:d37a84878285b903c0fe21ac8794c6dab58150e9359f1aaebbeddd6412d53132"},
    {file = "coverage-7.6.10-cp311-cp311-manylinux_2_5_i686.manylinux1_i686.manylinux_2_17_i686.manylinux2014_i686.whl", hash = "sha256:a534738b47b0de1995f85f582d983d94031dffb48ab86c95bdf88dc62212142f"},
    {file = "coverage-7.6.10-cp311-cp311-manylinux_2_5_x86_64.manylinux1_x86_64.manylinux_2_17_x86_64.manylinux2014_x86_64.whl", hash = "sha256:0d7a2bf79378d8fb8afaa994f91bfd8215134f8631d27eba3e0e2c13546ce994"},
    {file = "coverage-7.6.10-cp311-cp311-musllinux_1_2_aarch64.whl", hash = "sha256:6713ba4b4ebc330f3def51df1d5d38fad60b66720948112f114968feb52d3f99"},
    {file = "coverage-7.6.10-cp311-cp311-musllinux_1_2_i686.whl", hash = "sha256:ab32947f481f7e8c763fa2c92fd9f44eeb143e7610c4ca9ecd6a36adab4081bd"},
    {file = "coverage-7.6.10-cp311-cp311-musllinux_1_2_x86_64.whl", hash = "sha256:7bbd8c8f1b115b892e34ba66a097b915d3871db7ce0e6b9901f462ff3a975377"},
    {file = "coverage-7.6.10-cp311-cp311-win32.whl", hash = "sha256:299e91b274c5c9cdb64cbdf1b3e4a8fe538a7a86acdd08fae52301b28ba297f8"},
    {file = "coverage-7.6.10-cp311-cp311-win_amd64.whl", hash = "sha256:489a01f94aa581dbd961f306e37d75d4ba16104bbfa2b0edb21d29b73be83609"},
    {file = "coverage-7.6.10-cp312-cp312-macosx_10_13_x86_64.whl", hash = "sha256:27c6e64726b307782fa5cbe531e7647aee385a29b2107cd87ba7c0105a5d3853"},
    {file = "coverage-7.6.10-cp312-cp312-macosx_11_0_arm64.whl", hash = "sha256:c56e097019e72c373bae32d946ecf9858fda841e48d82df7e81c63ac25554078"},
    {file = "coverage-7.6.10-cp312-cp312-manylinux_2_17_aarch64.manylinux2014_aarch64.whl", hash = "sha256:c7827a5bc7bdb197b9e066cdf650b2887597ad124dd99777332776f7b7c7d0d0"},
    {file = "coverage-7.6.10-cp312-cp312-manylinux_2_5_i686.manylinux1_i686.manylinux_2_17_i686.manylinux2014_i686.whl", hash = "sha256:204a8238afe787323a8b47d8be4df89772d5c1e4651b9ffa808552bdf20e1d50"},
    {file = "coverage-7.6.10-cp312-cp312-manylinux_2_5_x86_64.manylinux1_x86_64.manylinux_2_17_x86_64.manylinux2014_x86_64.whl", hash = "sha256:e67926f51821b8e9deb6426ff3164870976fe414d033ad90ea75e7ed0c2e5022"},
    {file = "coverage-7.6.10-cp312-cp312-musllinux_1_2_aarch64.whl", hash = "sha256:e78b270eadb5702938c3dbe9367f878249b5ef9a2fcc5360ac7bff694310d17b"},
    {file = "coverage-7.6.10-cp312-cp312-musllinux_1_2_i686.whl", hash = "sha256:714f942b9c15c3a7a5fe6876ce30af831c2ad4ce902410b7466b662358c852c0"},
    {file = "coverage-7.6.10-cp312-cp312-musllinux_1_2_x86_64.whl", hash = "sha256:abb02e2f5a3187b2ac4cd46b8ced85a0858230b577ccb2c62c81482ca7d18852"},
    {file = "coverage-7.6.10-cp312-cp312-win32.whl", hash = "sha256:55b201b97286cf61f5e76063f9e2a1d8d2972fc2fcfd2c1272530172fd28c359"},
    {file = "coverage-7.6.10-cp312-cp312-win_amd64.whl", hash = "sha256:e4ae5ac5e0d1e4edfc9b4b57b4cbecd5bc266a6915c500f358817a8496739247"},
    {file = "coverage-7.6.10-cp313-cp313-macosx_10_13_x86_64.whl", hash = "sha256:05fca8ba6a87aabdd2d30d0b6c838b50510b56cdcfc604d40760dae7153b73d9"},
    {file = "coverage-7.6.10-cp313-cp313-macosx_11_0_arm64.whl", hash = "sha256:9e80eba8801c386f72e0712a0453431259c45c3249f0009aff537a517b52942b"},
    {file = "coverage-7.6.10-cp313-cp313-manylinux_2_17_aarch64.manylinux2014_aarch64.whl", hash = "sha256:a372c89c939d57abe09e08c0578c1d212e7a678135d53aa16eec4430adc5e690"},
    {file = "coverage-7.6.10-cp313-cp313-manylinux_2_5_i686.manylinux1_i686.manylinux_2_17_i686.manylinux2014_i686.whl", hash = "sha256:ec22b5e7fe7a0fa8509181c4aac1db48f3dd4d3a566131b313d1efc102892c18"},
    {file = "coverage-7.6.10-cp313-cp313-manylinux_2_5_x86_64.manylinux1_x86_64.manylinux_2_17_x86_64.manylinux2014_x86_64.whl", hash = "sha256:26bcf5c4df41cad1b19c84af71c22cbc9ea9a547fc973f1f2cc9a290002c8b3c"},
    {file = "coverage-7.6.10-cp313-cp313-musllinux_1_2_aarch64.whl", hash = "sha256:4e4630c26b6084c9b3cb53b15bd488f30ceb50b73c35c5ad7871b869cb7365fd"},
    {file = "coverage-7.6.10-cp313-cp313-musllinux_1_2_i686.whl", hash = "sha256:2396e8116db77789f819d2bc8a7e200232b7a282c66e0ae2d2cd84581a89757e"},
    {file = "coverage-7.6.10-cp313-cp313-musllinux_1_2_x86_64.whl", hash = "sha256:79109c70cc0882e4d2d002fe69a24aa504dec0cc17169b3c7f41a1d341a73694"},
    {file = "coverage-7.6.10-cp313-cp313-win32.whl", hash = "sha256:9e1747bab246d6ff2c4f28b4d186b205adced9f7bd9dc362051cc37c4a0c7bd6"},
    {file = "coverage-7.6.10-cp313-cp313-win_amd64.whl", hash = "sha256:254f1a3b1eef5f7ed23ef265eaa89c65c8c5b6b257327c149db1ca9d4a35f25e"},
    {file = "coverage-7.6.10-cp313-cp313t-macosx_10_13_x86_64.whl", hash = "sha256:2ccf240eb719789cedbb9fd1338055de2761088202a9a0b73032857e53f612fe"},
    {file = "coverage-7.6.10-cp313-cp313t-macosx_11_0_arm64.whl", hash = "sha256:0c807ca74d5a5e64427c8805de15b9ca140bba13572d6d74e262f46f50b13273"},
    {file = "coverage-7.6.10-cp313-cp313t-manylinux_2_17_aarch64.manylinux2014_aarch64.whl", hash = "sha256:2bcfa46d7709b5a7ffe089075799b902020b62e7ee56ebaed2f4bdac04c508d8"},
    {file = "coverage-7.6.10-cp313-cp313t-manylinux_2_5_i686.manylinux1_i686.manylinux_2_17_i686.manylinux2014_i686.whl", hash = "sha256:4e0de1e902669dccbf80b0415fb6b43d27edca2fbd48c74da378923b05316098"},
    {file = "coverage-7.6.10-cp313-cp313t-manylinux_2_5_x86_64.manylinux1_x86_64.manylinux_2_17_x86_64.manylinux2014_x86_64.whl", hash = "sha256:3f7b444c42bbc533aaae6b5a2166fd1a797cdb5eb58ee51a92bee1eb94a1e1cb"},
    {file = "coverage-7.6.10-cp313-cp313t-musllinux_1_2_aarch64.whl", hash = "sha256:b330368cb99ef72fcd2dc3ed260adf67b31499584dc8a20225e85bfe6f6cfed0"},
    {file = "coverage-7.6.10-cp313-cp313t-musllinux_1_2_i686.whl", hash = "sha256:9a7cfb50515f87f7ed30bc882f68812fd98bc2852957df69f3003d22a2aa0abf"},
    {file = "coverage-7.6.10-cp313-cp313t-musllinux_1_2_x86_64.whl", hash = "sha256:6f93531882a5f68c28090f901b1d135de61b56331bba82028489bc51bdd818d2"},
    {file = "coverage-7.6.10-cp313-cp313t-win32.whl", hash = "sha256:89d76815a26197c858f53c7f6a656686ec392b25991f9e409bcef020cd532312"},
    {file = "coverage-7.6.10-cp313-cp313t-win_amd64.whl", hash = "sha256:54a5f0f43950a36312155dae55c505a76cd7f2b12d26abeebbe7a0b36dbc868d"},
    {file = "coverage-7.6.10-cp39-cp39-macosx_10_9_x86_64.whl", hash = "sha256:656c82b8a0ead8bba147de9a89bda95064874c91a3ed43a00e687f23cc19d53a"},
    {file = "coverage-7.6.10-cp39-cp39-macosx_11_0_arm64.whl", hash = "sha256:ccc2b70a7ed475c68ceb548bf69cec1e27305c1c2606a5eb7c3afff56a1b3b27"},
    {file = "coverage-7.6.10-cp39-cp39-manylinux_2_17_aarch64.manylinux2014_aarch64.whl", hash = "sha256:a5e37dc41d57ceba70956fa2fc5b63c26dba863c946ace9705f8eca99daecdc4"},
    {file = "coverage-7.6.10-cp39-cp39-manylinux_2_5_i686.manylinux1_i686.manylinux_2_17_i686.manylinux2014_i686.whl", hash = "sha256:0aa9692b4fdd83a4647eeb7db46410ea1322b5ed94cd1715ef09d1d5922ba87f"},
    {file = "coverage-7.6.10-cp39-cp39-manylinux_2_5_x86_64.manylinux1_x86_64.manylinux_2_17_x86_64.manylinux2014_x86_64.whl", hash = "sha256:aa744da1820678b475e4ba3dfd994c321c5b13381d1041fe9c608620e6676e25"},
    {file = "coverage-7.6.10-cp39-cp39-musllinux_1_2_aarch64.whl", hash = "sha256:c0b1818063dc9e9d838c09e3a473c1422f517889436dd980f5d721899e66f315"},
    {file = "coverage-7.6.10-cp39-cp39-musllinux_1_2_i686.whl", hash = "sha256:59af35558ba08b758aec4d56182b222976330ef8d2feacbb93964f576a7e7a90"},
    {file = "coverage-7.6.10-cp39-cp39-musllinux_1_2_x86_64.whl", hash = "sha256:7ed2f37cfce1ce101e6dffdfd1c99e729dd2ffc291d02d3e2d0af8b53d13840d"},
    {file = "coverage-7.6.10-cp39-cp39-win32.whl", hash = "sha256:4bcc276261505d82f0ad426870c3b12cb177752834a633e737ec5ee79bbdff18"},
    {file = "coverage-7.6.10-cp39-cp39-win_amd64.whl", hash = "sha256:457574f4599d2b00f7f637a0700a6422243b3565509457b2dbd3f50703e11f59"},
    {file = "coverage-7.6.10-pp39.pp310-none-any.whl", hash = "sha256:fd34e7b3405f0cc7ab03d54a334c17a9e802897580d964bd8c2001f4b9fd488f"},
    {file = "coverage-7.6.10.tar.gz", hash = "sha256:7fb105327c8f8f0682e29843e2ff96af9dcbe5bab8eeb4b398c6a33a16d80a23"},
]

[package.extras]
toml = ["tomli"]

[[package]]
name = "h11"
version = "0.14.0"
description = "A pure-Python, bring-your-own-I/O implementation of HTTP/1.1"
optional = false
python-versions = ">=3.7"
groups = ["main"]
files = [
    {file = "h11-0.14.0-py3-none-any.whl", hash = "sha256:e3fe4ac4b851c468cc8363d500db52c2ead036020723024a109d37346efaa761"},
    {file = "h11-0.14.0.tar.gz", hash = "sha256:8f19fbbe99e72420ff35c00b27a34cb9937e902a8b810e2c88300c6f0a3b699d"},
]

[[package]]
name = "httpcore"
version = "1.0.7"
description = "A minimal low-level HTTP client."
optional = false
python-versions = ">=3.8"
groups = ["main"]
files = [
    {file = "httpcore-1.0.7-py3-none-any.whl", hash = "sha256:a3fff8f43dc260d5bd363d9f9cf1830fa3a458b332856f34282de498ed420edd"},
    {file = "httpcore-1.0.7.tar.gz", hash = "sha256:8551cb62a169ec7162ac7be8d4817d561f60e08eaa485234898414bb5a8a0b4c"},
]

[package.dependencies]
certifi = "*"
h11 = ">=0.13,<0.15"

[package.extras]
asyncio = ["anyio (>=4.0,<5.0)"]
http2 = ["h2 (>=3,<5)"]
socks = ["socksio (==1.*)"]
trio = ["trio (>=0.22.0,<1.0)"]

[[package]]
name = "httpx"
version = "0.28.1"
description = "The next generation HTTP client."
optional = false
python-versions = ">=3.8"
groups = ["main"]
files = [
    {file = "httpx-0.28.1-py3-none-any.whl", hash = "sha256:d909fcccc110f8c7faf814ca82a9a4d816bc5a6dbfea25d6591d6985b8ba59ad"},
    {file = "httpx-0.28.1.tar.gz", hash = "sha256:75e98c5f16b0f35b567856f597f06ff2270a374470a5c2392242528e3e3e42fc"},
]

[package.dependencies]
anyio = "*"
certifi = "*"
httpcore = "==1.*"
idna = "*"

[package.extras]
brotli = ["brotli", "brotlicffi"]
cli = ["click (==8.*)", "pygments (==2.*)", "rich (>=10,<14)"]
http2 = ["h2 (>=3,<5)"]
socks = ["socksio (==1.*)"]
zstd = ["zstandard (>=0.18.0)"]

[[package]]
name = "httpx-sse"
version = "0.4.0"
description = "Consume Server-Sent Event (SSE) messages with HTTPX."
optional = false
python-versions = ">=3.8"
groups = ["main"]
files = [
    {file = "httpx-sse-0.4.0.tar.gz", hash = "sha256:1e81a3a3070ce322add1d3529ed42eb5f70817f45ed6ec915ab753f961139721"},
    {file = "httpx_sse-0.4.0-py3-none-any.whl", hash = "sha256:f329af6eae57eaa2bdfd962b42524764af68075ea87370a2de920af5341e318f"},
]

[[package]]
name = "idna"
version = "3.10"
description = "Internationalized Domain Names in Applications (IDNA)"
optional = false
python-versions = ">=3.6"
groups = ["main"]
files = [
    {file = "idna-3.10-py3-none-any.whl", hash = "sha256:946d195a0d259cbba61165e88e65941f16e9b36ea6ddb97f00452bae8b1287d3"},
    {file = "idna-3.10.tar.gz", hash = "sha256:12f65c9b470abda6dc35cf8e63cc574b1c52b11df2c86030af0ac09b01b13ea9"},
]

[package.extras]
all = ["flake8 (>=7.1.1)", "mypy (>=1.11.2)", "pytest (>=8.3.2)", "ruff (>=0.6.2)"]

[[package]]
name = "iniconfig"
version = "2.0.0"
description = "brain-dead simple config-ini parsing"
optional = false
python-versions = ">=3.7"
groups = ["dev"]
files = [
    {file = "iniconfig-2.0.0-py3-none-any.whl", hash = "sha256:b6a85871a79d2e3b22d2d1b94ac2824226a63c6b741c88f7ae975f18b6778374"},
    {file = "iniconfig-2.0.0.tar.gz", hash = "sha256:2d91e135bf72d31a410b17c16da610a82cb55f6b0477d1a902134b24a455b8b3"},
]

[[package]]
name = "mypy"
version = "1.14.1"
description = "Optional static typing for Python"
optional = false
python-versions = ">=3.8"
groups = ["dev"]
files = [
    {file = "mypy-1.14.1-cp310-cp310-macosx_10_9_x86_64.whl", hash = "sha256:52686e37cf13d559f668aa398dd7ddf1f92c5d613e4f8cb262be2fb4fedb0fcb"},
    {file = "mypy-1.14.1-cp310-cp310-macosx_11_0_arm64.whl", hash = "sha256:1fb545ca340537d4b45d3eecdb3def05e913299ca72c290326be19b3804b39c0"},
    {file = "mypy-1.14.1-cp310-cp310-manylinux_2_17_aarch64.manylinux2014_aarch64.manylinux_2_28_aarch64.whl", hash = "sha256:90716d8b2d1f4cd503309788e51366f07c56635a3309b0f6a32547eaaa36a64d"},
    {file = "mypy-1.14.1-cp310-cp310-manylinux_2_17_x86_64.manylinux2014_x86_64.manylinux_2_28_x86_64.whl", hash = "sha256:2ae753f5c9fef278bcf12e1a564351764f2a6da579d4a81347e1d5a15819997b"},
    {file = "mypy-1.14.1-cp310-cp310-musllinux_1_2_x86_64.whl", hash = "sha256:e0fe0f5feaafcb04505bcf439e991c6d8f1bf8b15f12b05feeed96e9e7bf1427"},
    {file = "mypy-1.14.1-cp310-cp310-win_amd64.whl", hash = "sha256:7d54bd85b925e501c555a3227f3ec0cfc54ee8b6930bd6141ec872d1c572f81f"},
    {file = "mypy-1.14.1-cp311-cp311-macosx_10_9_x86_64.whl", hash = "sha256:f995e511de847791c3b11ed90084a7a0aafdc074ab88c5a9711622fe4751138c"},
    {file = "mypy-1.14.1-cp311-cp311-macosx_11_0_arm64.whl", hash = "sha256:d64169ec3b8461311f8ce2fd2eb5d33e2d0f2c7b49116259c51d0d96edee48d1"},
    {file = "mypy-1.14.1-cp311-cp311-manylinux_2_17_aarch64.manylinux2014_aarch64.manylinux_2_28_aarch64.whl", hash = "sha256:ba24549de7b89b6381b91fbc068d798192b1b5201987070319889e93038967a8"},
    {file = "mypy-1.14.1-cp311-cp311-manylinux_2_17_x86_64.manylinux2014_x86_64.manylinux_2_28_x86_64.whl", hash = "sha256:183cf0a45457d28ff9d758730cd0210419ac27d4d3f285beda038c9083363b1f"},
    {file = "mypy-1.14.1-cp311-cp311-musllinux_1_2_x86_64.whl", hash = "sha256:f2a0ecc86378f45347f586e4163d1769dd81c5a223d577fe351f26b179e148b1"},
    {file = "mypy-1.14.1-cp311-cp311-win_amd64.whl", hash = "sha256:ad3301ebebec9e8ee7135d8e3109ca76c23752bac1e717bc84cd3836b4bf3eae"},
    {file = "mypy-1.14.1-cp312-cp312-macosx_10_13_x86_64.whl", hash = "sha256:30ff5ef8519bbc2e18b3b54521ec319513a26f1bba19a7582e7b1f58a6e69f14"},
    {file = "mypy-1.14.1-cp312-cp312-macosx_11_0_arm64.whl", hash = "sha256:cb9f255c18052343c70234907e2e532bc7e55a62565d64536dbc7706a20b78b9"},
    {file = "mypy-1.14.1-cp312-cp312-manylinux_2_17_aarch64.manylinux2014_aarch64.manylinux_2_28_aarch64.whl", hash = "sha256:8b4e3413e0bddea671012b063e27591b953d653209e7a4fa5e48759cda77ca11"},
    {file = "mypy-1.14.1-cp312-cp312-manylinux_2_17_x86_64.manylinux2014_x86_64.manylinux_2_28_x86_64.whl", hash = "sha256:553c293b1fbdebb6c3c4030589dab9fafb6dfa768995a453d8a5d3b23784af2e"},
    {file = "mypy-1.14.1-cp312-cp312-musllinux_1_2_x86_64.whl", hash = "sha256:fad79bfe3b65fe6a1efaed97b445c3d37f7be9fdc348bdb2d7cac75579607c89"},
    {file = "mypy-1.14.1-cp312-cp312-win_amd64.whl", hash = "sha256:8fa2220e54d2946e94ab6dbb3ba0a992795bd68b16dc852db33028df2b00191b"},
    {file = "mypy-1.14.1-cp313-cp313-macosx_10_13_x86_64.whl", hash = "sha256:92c3ed5afb06c3a8e188cb5da4984cab9ec9a77ba956ee419c68a388b4595255"},
    {file = "mypy-1.14.1-cp313-cp313-macosx_11_0_arm64.whl", hash = "sha256:dbec574648b3e25f43d23577309b16534431db4ddc09fda50841f1e34e64ed34"},
    {file = "mypy-1.14.1-cp313-cp313-manylinux_2_17_aarch64.manylinux2014_aarch64.manylinux_2_28_aarch64.whl", hash = "sha256:8c6d94b16d62eb3e947281aa7347d78236688e21081f11de976376cf010eb31a"},
    {file = "mypy-1.14.1-cp313-cp313-manylinux_2_17_x86_64.manylinux2014_x86_64.manylinux_2_28_x86_64.whl", hash = "sha256:d4b19b03fdf54f3c5b2fa474c56b4c13c9dbfb9a2db4370ede7ec11a2c5927d9"},
    {file = "mypy-1.14.1-cp313-cp313-musllinux_1_2_x86_64.whl", hash = "sha256:0c911fde686394753fff899c409fd4e16e9b294c24bfd5e1ea4675deae1ac6fd"},
    {file = "mypy-1.14.1-cp313-cp313-win_amd64.whl", hash = "sha256:8b21525cb51671219f5307be85f7e646a153e5acc656e5cebf64bfa076c50107"},
    {file = "mypy-1.14.1-cp38-cp38-macosx_10_9_x86_64.whl", hash = "sha256:7084fb8f1128c76cd9cf68fe5971b37072598e7c31b2f9f95586b65c741a9d31"},
    {file = "mypy-1.14.1-cp38-cp38-macosx_11_0_arm64.whl", hash = "sha256:8f845a00b4f420f693f870eaee5f3e2692fa84cc8514496114649cfa8fd5e2c6"},
    {file = "mypy-1.14.1-cp38-cp38-manylinux_2_17_aarch64.manylinux2014_aarch64.manylinux_2_28_aarch64.whl", hash = "sha256:44bf464499f0e3a2d14d58b54674dee25c031703b2ffc35064bd0df2e0fac319"},
    {file = "mypy-1.14.1-cp38-cp38-manylinux_2_17_x86_64.manylinux2014_x86_64.manylinux_2_28_x86_64.whl", hash = "sha256:c99f27732c0b7dc847adb21c9d47ce57eb48fa33a17bc6d7d5c5e9f9e7ae5bac"},
    {file = "mypy-1.14.1-cp38-cp38-musllinux_1_2_x86_64.whl", hash = "sha256:bce23c7377b43602baa0bd22ea3265c49b9ff0b76eb315d6c34721af4cdf1d9b"},
    {file = "mypy-1.14.1-cp38-cp38-win_amd64.whl", hash = "sha256:8edc07eeade7ebc771ff9cf6b211b9a7d93687ff892150cb5692e4f4272b0837"},
    {file = "mypy-1.14.1-cp39-cp39-macosx_10_9_x86_64.whl", hash = "sha256:3888a1816d69f7ab92092f785a462944b3ca16d7c470d564165fe703b0970c35"},
    {file = "mypy-1.14.1-cp39-cp39-macosx_11_0_arm64.whl", hash = "sha256:46c756a444117c43ee984bd055db99e498bc613a70bbbc120272bd13ca579fbc"},
    {file = "mypy-1.14.1-cp39-cp39-manylinux_2_17_aarch64.manylinux2014_aarch64.manylinux_2_28_aarch64.whl", hash = "sha256:27fc248022907e72abfd8e22ab1f10e903915ff69961174784a3900a8cba9ad9"},
    {file = "mypy-1.14.1-cp39-cp39-manylinux_2_17_x86_64.manylinux2014_x86_64.manylinux_2_28_x86_64.whl", hash = "sha256:499d6a72fb7e5de92218db961f1a66d5f11783f9ae549d214617edab5d4dbdbb"},
    {file = "mypy-1.14.1-cp39-cp39-musllinux_1_2_x86_64.whl", hash = "sha256:57961db9795eb566dc1d1b4e9139ebc4c6b0cb6e7254ecde69d1552bf7613f60"},
    {file = "mypy-1.14.1-cp39-cp39-win_amd64.whl", hash = "sha256:07ba89fdcc9451f2ebb02853deb6aaaa3d2239a236669a63ab3801bbf923ef5c"},
    {file = "mypy-1.14.1-py3-none-any.whl", hash = "sha256:b66a60cc4073aeb8ae00057f9c1f64d49e90f918fbcef9a977eb121da8b8f1d1"},
    {file = "mypy-1.14.1.tar.gz", hash = "sha256:7ec88144fe9b510e8475ec2f5f251992690fcf89ccb4500b214b4226abcd32d6"},
]

[package.dependencies]
mypy_extensions = ">=1.0.0"
typing_extensions = ">=4.6.0"

[package.extras]
dmypy = ["psutil (>=4.0)"]
faster-cache = ["orjson"]
install-types = ["pip"]
mypyc = ["setuptools (>=50)"]
reports = ["lxml"]

[[package]]
name = "mypy-extensions"
version = "1.0.0"
description = "Type system extensions for programs checked with the mypy type checker."
optional = false
python-versions = ">=3.5"
groups = ["dev"]
files = [
    {file = "mypy_extensions-1.0.0-py3-none-any.whl", hash = "sha256:4392f6c0eb8a5668a69e23d168ffa70f0be9ccfd32b5cc2d26a34ae5b844552d"},
    {file = "mypy_extensions-1.0.0.tar.gz", hash = "sha256:75dbf8955dc00442a438fc4d0666508a9a97b6bd41aa2f0ffe9d2f2725af0782"},
]

[[package]]
name = "packaging"
version = "24.2"
description = "Core utilities for Python packages"
optional = false
python-versions = ">=3.8"
groups = ["dev"]
files = [
    {file = "packaging-24.2-py3-none-any.whl", hash = "sha256:09abb1bccd265c01f4a3aa3f7a7db064b36514d2cba19a2f694fe6150451a759"},
    {file = "packaging-24.2.tar.gz", hash = "sha256:c228a6dc5e932d346bc5739379109d49e8853dd8223571c7c5b55260edc0b97f"},
]

[[package]]
name = "pluggy"
version = "1.5.0"
description = "plugin and hook calling mechanisms for python"
optional = false
python-versions = ">=3.8"
groups = ["dev"]
files = [
    {file = "pluggy-1.5.0-py3-none-any.whl", hash = "sha256:44e1ad92c8ca002de6377e165f3e0f1be63266ab4d554740532335b9d75ea669"},
    {file = "pluggy-1.5.0.tar.gz", hash = "sha256:2cffa88e94fdc978c4c574f15f9e59b7f4201d439195c3715ca9e2486f1d0cf1"},
]

[package.extras]
dev = ["pre-commit", "tox"]
testing = ["pytest", "pytest-benchmark"]

[[package]]
name = "pytest"
version = "8.3.4"
description = "pytest: simple powerful testing with Python"
optional = false
python-versions = ">=3.8"
groups = ["dev"]
files = [
    {file = "pytest-8.3.4-py3-none-any.whl", hash = "sha256:50e16d954148559c9a74109af1eaf0c945ba2d8f30f0a3d3335edde19788b6f6"},
    {file = "pytest-8.3.4.tar.gz", hash = "sha256:965370d062bce11e73868e0335abac31b4d3de0e82f4007408d242b4f8610761"},
]

[package.dependencies]
colorama = {version = "*", markers = "sys_platform == \"win32\""}
iniconfig = "*"
packaging = "*"
pluggy = ">=1.5,<2"

[package.extras]
dev = ["argcomplete", "attrs (>=19.2)", "hypothesis (>=3.56)", "mock", "pygments (>=2.7.2)", "requests", "setuptools", "xmlschema"]

[[package]]
name = "pytest-asyncio"
version = "0.25.3"
description = "Pytest support for asyncio"
optional = false
python-versions = ">=3.9"
groups = ["dev"]
files = [
    {file = "pytest_asyncio-0.25.3-py3-none-any.whl", hash = "sha256:9e89518e0f9bd08928f97a3482fdc4e244df17529460bc038291ccaf8f85c7c3"},
    {file = "pytest_asyncio-0.25.3.tar.gz", hash = "sha256:fc1da2cf9f125ada7e710b4ddad05518d4cee187ae9412e9ac9271003497f07a"},
]

[package.dependencies]
pytest = ">=8.2,<9"

[package.extras]
docs = ["sphinx (>=5.3)", "sphinx-rtd-theme (>=1)"]
testing = ["coverage (>=6.2)", "hypothesis (>=5.7.1)"]

[[package]]
name = "pytest-cov"
version = "6.0.0"
description = "Pytest plugin for measuring coverage."
optional = false
python-versions = ">=3.9"
groups = ["dev"]
files = [
    {file = "pytest-cov-6.0.0.tar.gz", hash = "sha256:fde0b595ca248bb8e2d76f020b465f3b107c9632e6a1d1705f17834c89dcadc0"},
    {file = "pytest_cov-6.0.0-py3-none-any.whl", hash = "sha256:eee6f1b9e61008bd34975a4d5bab25801eb31898b032dd55addc93e96fcaaa35"},
]

[package.dependencies]
coverage = {version = ">=7.5", extras = ["toml"]}
pytest = ">=4.6"

[package.extras]
testing = ["fields", "hunter", "process-tests", "pytest-xdist", "virtualenv"]

[[package]]
name = "ruff"
version = "0.9.3"
description = "An extremely fast Python linter and code formatter, written in Rust."
optional = false
python-versions = ">=3.7"
groups = ["dev"]
files = [
    {file = "ruff-0.9.3-py3-none-linux_armv6l.whl", hash = "sha256:7f39b879064c7d9670197d91124a75d118d00b0990586549949aae80cdc16624"},
    {file = "ruff-0.9.3-py3-none-macosx_10_12_x86_64.whl", hash = "sha256:a187171e7c09efa4b4cc30ee5d0d55a8d6c5311b3e1b74ac5cb96cc89bafc43c"},
    {file = "ruff-0.9.3-py3-none-macosx_11_0_arm64.whl", hash = "sha256:c59ab92f8e92d6725b7ded9d4a31be3ef42688a115c6d3da9457a5bda140e2b4"},
    {file = "ruff-0.9.3-py3-none-manylinux_2_17_aarch64.manylinux2014_aarch64.whl", hash = "sha256:2dc153c25e715be41bb228bc651c1e9b1a88d5c6e5ed0194fa0dfea02b026439"},
    {file = "ruff-0.9.3-py3-none-manylinux_2_17_armv7l.manylinux2014_armv7l.whl", hash = "sha256:646909a1e25e0dc28fbc529eab8eb7bb583079628e8cbe738192853dbbe43af5"},
    {file = "ruff-0.9.3-py3-none-manylinux_2_17_i686.manylinux2014_i686.whl", hash = "sha256:5a5a46e09355695fbdbb30ed9889d6cf1c61b77b700a9fafc21b41f097bfbba4"},
    {file = "ruff-0.9.3-py3-none-manylinux_2_17_ppc64.manylinux2014_ppc64.whl", hash = "sha256:c4bb09d2bbb394e3730d0918c00276e79b2de70ec2a5231cd4ebb51a57df9ba1"},
    {file = "ruff-0.9.3-py3-none-manylinux_2_17_ppc64le.manylinux2014_ppc64le.whl", hash = "sha256:96a87ec31dc1044d8c2da2ebbed1c456d9b561e7d087734336518181b26b3aa5"},
    {file = "ruff-0.9.3-py3-none-manylinux_2_17_s390x.manylinux2014_s390x.whl", hash = "sha256:9bb7554aca6f842645022fe2d301c264e6925baa708b392867b7a62645304df4"},
    {file = "ruff-0.9.3-py3-none-manylinux_2_17_x86_64.manylinux2014_x86_64.whl", hash = "sha256:cabc332b7075a914ecea912cd1f3d4370489c8018f2c945a30bcc934e3bc06a6"},
    {file = "ruff-0.9.3-py3-none-musllinux_1_2_aarch64.whl", hash = "sha256:33866c3cc2a575cbd546f2cd02bdd466fed65118e4365ee538a3deffd6fcb730"},
    {file = "ruff-0.9.3-py3-none-musllinux_1_2_armv7l.whl", hash = "sha256:006e5de2621304c8810bcd2ee101587712fa93b4f955ed0985907a36c427e0c2"},
    {file = "ruff-0.9.3-py3-none-musllinux_1_2_i686.whl", hash = "sha256:ba6eea4459dbd6b1be4e6bfc766079fb9b8dd2e5a35aff6baee4d9b1514ea519"},
    {file = "ruff-0.9.3-py3-none-musllinux_1_2_x86_64.whl", hash = "sha256:90230a6b8055ad47d3325e9ee8f8a9ae7e273078a66401ac66df68943ced029b"},
    {file = "ruff-0.9.3-py3-none-win32.whl", hash = "sha256:eabe5eb2c19a42f4808c03b82bd313fc84d4e395133fb3fc1b1516170a31213c"},
    {file = "ruff-0.9.3-py3-none-win_amd64.whl", hash = "sha256:040ceb7f20791dfa0e78b4230ee9dce23da3b64dd5848e40e3bf3ab76468dcf4"},
    {file = "ruff-0.9.3-py3-none-win_arm64.whl", hash = "sha256:800d773f6d4d33b0a3c60e2c6ae8f4c202ea2de056365acfa519aa48acf28e0b"},
    {file = "ruff-0.9.3.tar.gz", hash = "sha256:8293f89985a090ebc3ed1064df31f3b4b56320cdfcec8b60d3295bddb955c22a"},
]

[[package]]
name = "sniffio"
version = "1.3.1"
description = "Sniff out which async library your code is running under"
optional = false
python-versions = ">=3.7"
groups = ["main"]
files = [
    {file = "sniffio-1.3.1-py3-none-any.whl", hash = "sha256:2f6da418d1f1e0fddd844478f41680e794e6051915791a034ff65e5f100525a2"},
    {file = "sniffio-1.3.1.tar.gz", hash = "sha256:f4324edc670a0f49750a81b895f35c3adb843cca46f0530f79fc1babb23789dc"},
]

[[package]]
name = "typing-extensions"
version = "4.12.2"
description = "Backported and Experimental Type Hints for Python 3.8+"
optional = false
python-versions = ">=3.8"
groups = ["main", "dev"]
files = [
    {file = "typing_extensions-4.12.2-py3-none-any.whl", hash = "sha256:04e5ca0351e0f3f85c6853954072df659d0d13fac324d0072316b67d7794700d"},
    {file = "typing_extensions-4.12.2.tar.gz", hash = "sha256:1a7ead55c7e559dd4dee8856e3a88b41225abfe1ce8df57b7c13915fe121ffb8"},
]
markers = {main = "python_version < \"3.13\""}

[metadata]
lock-version = "2.1"
python-versions = ">=3.11,<3.14"
content-hash = "31227c448c487541c6e627df24594f5a28574a140f1022cca98dc296d33feefe"
